// !$*UTF8*$!
{
	archiveVersion = 1;
	classes = {
	};
	objectVersion = 46;
	objects = {

/* Begin PBXBuildFile section */
		8D5B49A804867FD3000E48DA /* InfoPlist.strings in Resources */ = {isa = PBXBuildFile; fileRef = 8D5B49A704867FD3000E48DA /* InfoPlist.strings */; };
		D6ACBEA2117B7D5600F6691C /* TotalFinderInjector.m in Sources */ = {isa = PBXBuildFile; fileRef = D6ACBE9E117B7D5600F6691C /* TotalFinderInjector.m */; };
		D6ACBEA3117B7D5600F6691C /* TFStandardVersionComparator.m in Sources */ = {isa = PBXBuildFile; fileRef = D6ACBEA0117B7D5600F6691C /* TFStandardVersionComparator.m */; };
		D6ACBEA5117B7D6100F6691C /* TotalFinderInjector.sdef in Resources */ = {isa = PBXBuildFile; fileRef = D6ACBEA4117B7D6100F6691C /* TotalFinderInjector.sdef */; };
/* End PBXBuildFile section */

/* Begin PBXFileReference section */
		089C167EFE841241C02AAC07 /* English */ = {isa = PBXFileReference; fileEncoding = 4; lastKnownFileType = text.plist.strings; name = English; path = English.lproj/InfoPlist.strings; sourceTree = "<group>"; };
		8D576317048677EA00EA77CD /* TotalFinder-Info.plist */ = {isa = PBXFileReference; fileEncoding = 4; lastKnownFileType = text.plist.xml; path = "TotalFinder-Info.plist"; sourceTree = "<group>"; };
		D60A992314CE37030061AD6D /* TotalFinder.osax */ = {isa = PBXFileReference; explicitFileType = wrapper.cfbundle; includeInIndex = 0; path = TotalFinder.osax; sourceTree = BUILT_PRODUCTS_DIR; };
		D618B015195996BD004F2F20 /* OSAX_Debug_TotalFinder.xcconfig */ = {isa = PBXFileReference; lastKnownFileType = text.xcconfig; name = OSAX_Debug_TotalFinder.xcconfig; path = OSAX.xcconfigs/OSAX_Debug_TotalFinder.xcconfig; sourceTree = "<group>"; };
		D618B016195996BD004F2F20 /* OSAX_Release_TotalFinder.xcconfig */ = {isa = PBXFileReference; lastKnownFileType = text.xcconfig; name = OSAX_Release_TotalFinder.xcconfig; path = OSAX.xcconfigs/OSAX_Release_TotalFinder.xcconfig; sourceTree = "<group>"; };
		D672258A17FA6DC100D3ACEA /* TotalFinder-Prefix.pch */ = {isa = PBXFileReference; lastKnownFileType = sourcecode.c.h; path = "TotalFinder-Prefix.pch"; sourceTree = "<group>"; };
		D6ACBE9E117B7D5600F6691C /* TotalFinderInjector.m */ = {isa = PBXFileReference; fileEncoding = 4; lastKnownFileType = sourcecode.c.objc; path = TotalFinderInjector.m; sourceTree = "<group>"; };
		D6ACBE9F117B7D5600F6691C /* TFVersionComparisonProtocol.h */ = {isa = PBXFileReference; fileEncoding = 4; lastKnownFileType = sourcecode.c.h; path = TFVersionComparisonProtocol.h; sourceTree = "<group>"; };
		D6ACBEA0117B7D5600F6691C /* TFStandardVersionComparator.m */ = {isa = PBXFileReference; fileEncoding = 4; lastKnownFileType = sourcecode.c.objc; path = TFStandardVersionComparator.m; sourceTree = "<group>"; };
		D6ACBEA1117B7D5600F6691C /* TFStandardVersionComparator.h */ = {isa = PBXFileReference; fileEncoding = 4; lastKnownFileType = sourcecode.c.h; path = TFStandardVersionComparator.h; sourceTree = "<group>"; };
		D6ACBEA4117B7D6100F6691C /* TotalFinderInjector.sdef */ = {isa = PBXFileReference; fileEncoding = 4; lastKnownFileType = text.xml; path = TotalFinderInjector.sdef; sourceTree = "<group>"; };
/* End PBXFileReference section */

/* Begin PBXFrameworksBuildPhase section */
		8D576313048677EA00EA77CD /* Frameworks */ = {
			isa = PBXFrameworksBuildPhase;
			buildActionMask = 2147483647;
			files = (
			);
			runOnlyForDeploymentPostprocessing = 0;
		};
/* End PBXFrameworksBuildPhase section */

/* Begin PBXGroup section */
		089C166AFE841209C02AAC07 /* OSAX */ = {
			isa = PBXGroup;
			children = (
				D672258517FA6D3900D3ACEA /* Configs */,
				08FB77AFFE84173DC02AAC07 /* Source */,
				089C167CFE841241C02AAC07 /* Resources */,
				D60A992414CE37030061AD6D /* Products */,
			);
			indentWidth = 2;
			name = OSAX;
			sourceTree = "<group>";
			tabWidth = 2;
			usesTabs = 0;
		};
		089C167CFE841241C02AAC07 /* Resources */ = {
			isa = PBXGroup;
			children = (
				D6ACBEA4117B7D6100F6691C /* TotalFinderInjector.sdef */,
				8D576317048677EA00EA77CD /* TotalFinder-Info.plist */,
				8D5B49A704867FD3000E48DA /* InfoPlist.strings */,
			);
			name = Resources;
			sourceTree = "<group>";
		};
		08FB77AFFE84173DC02AAC07 /* Source */ = {
			isa = PBXGroup;
			children = (
				D6ACBE9E117B7D5600F6691C /* TotalFinderInjector.m */,
				D6ACBE9F117B7D5600F6691C /* TFVersionComparisonProtocol.h */,
				D6ACBEA0117B7D5600F6691C /* TFStandardVersionComparator.m */,
				D6ACBEA1117B7D5600F6691C /* TFStandardVersionComparator.h */,
				D672258A17FA6DC100D3ACEA /* TotalFinder-Prefix.pch */,
			);
			name = Source;
			sourceTree = "<group>";
		};
		D60A992414CE37030061AD6D /* Products */ = {
			isa = PBXGroup;
			children = (
				D60A992314CE37030061AD6D /* TotalFinder.osax */,
			);
			name = Products;
			sourceTree = "<group>";
		};
		D672258517FA6D3900D3ACEA /* Configs */ = {
			isa = PBXGroup;
			children = (
				D618B015195996BD004F2F20 /* OSAX_Debug_TotalFinder.xcconfig */,
				D618B016195996BD004F2F20 /* OSAX_Release_TotalFinder.xcconfig */,
			);
			name = Configs;
			sourceTree = "<group>";
		};
/* End PBXGroup section */

/* Begin PBXNativeTarget section */
		8D57630D048677EA00EA77CD /* TotalFinder */ = {
			isa = PBXNativeTarget;
			buildConfigurationList = 1DEB911A08733D790010E9CD /* Build configuration list for PBXNativeTarget "TotalFinder" */;
			buildPhases = (
				8D57630F048677EA00EA77CD /* Resources */,
				8D576311048677EA00EA77CD /* Sources */,
				8D576313048677EA00EA77CD /* Frameworks */,
			);
			buildRules = (
			);
			dependencies = (
			);
			name = TotalFinder;
			productInstallPath = "$(HOME)/Library/Bundles";
			productName = OSAX;
			productReference = D60A992314CE37030061AD6D /* TotalFinder.osax */;
			productType = "com.apple.product-type.bundle";
		};
/* End PBXNativeTarget section */

/* Begin PBXProject section */
		089C1669FE841209C02AAC07 /* Project object */ = {
			isa = PBXProject;
			attributes = {
				BuildIndependentTargetsInParallel = YES;
				LastUpgradeCheck = 0610;
				ORGANIZATIONNAME = BinaryAge;
			};
			buildConfigurationList = 1DEB911E08733D790010E9CD /* Build configuration list for PBXProject "OSAX" */;
			compatibilityVersion = "Xcode 3.2";
			developmentRegion = English;
			hasScannedForEncodings = 1;
			knownRegions = (
				en,
				English,
			);
			mainGroup = 089C166AFE841209C02AAC07 /* OSAX */;
			productRefGroup = D60A992414CE37030061AD6D /* Products */;
			projectDirPath = "";
			projectRoot = "";
			targets = (
				8D57630D048677EA00EA77CD /* TotalFinder */,
			);
		};
/* End PBXProject section */

/* Begin PBXResourcesBuildPhase section */
		8D57630F048677EA00EA77CD /* Resources */ = {
			isa = PBXResourcesBuildPhase;
			buildActionMask = 2147483647;
			files = (
				8D5B49A804867FD3000E48DA /* InfoPlist.strings in Resources */,
				D6ACBEA5117B7D6100F6691C /* TotalFinderInjector.sdef in Resources */,
			);
			runOnlyForDeploymentPostprocessing = 0;
		};
/* End PBXResourcesBuildPhase section */

/* Begin PBXSourcesBuildPhase section */
		8D576311048677EA00EA77CD /* Sources */ = {
			isa = PBXSourcesBuildPhase;
			buildActionMask = 2147483647;
			files = (
				D6ACBEA2117B7D5600F6691C /* TotalFinderInjector.m in Sources */,
				D6ACBEA3117B7D5600F6691C /* TFStandardVersionComparator.m in Sources */,
			);
			runOnlyForDeploymentPostprocessing = 0;
		};
/* End PBXSourcesBuildPhase section */

/* Begin PBXVariantGroup section */
		8D5B49A704867FD3000E48DA /* InfoPlist.strings */ = {
			isa = PBXVariantGroup;
			children = (
				089C167EFE841241C02AAC07 /* English */,
			);
			name = InfoPlist.strings;
			sourceTree = "<group>";
		};
/* End PBXVariantGroup section */

/* Begin XCBuildConfiguration section */
		1DEB911B08733D790010E9CD /* Debug */ = {
			isa = XCBuildConfiguration;
			baseConfigurationReference = D618B015195996BD004F2F20 /* OSAX_Debug_TotalFinder.xcconfig */;
			buildSettings = {
				SDKROOT = macosx;
			};
			name = Debug;
		};
		1DEB911C08733D790010E9CD /* Release */ = {
			isa = XCBuildConfiguration;
			baseConfigurationReference = D618B016195996BD004F2F20 /* OSAX_Release_TotalFinder.xcconfig */;
			buildSettings = {
				SDKROOT = macosx;
			};
			name = Release;
		};
		1DEB911F08733D790010E9CD /* Debug */ = {
			isa = XCBuildConfiguration;
			buildSettings = {
			};
			name = Debug;
		};
		1DEB912008733D790010E9CD /* Release */ = {
			isa = XCBuildConfiguration;
			buildSettings = {
			};
			name = Release;
		};
/* End XCBuildConfiguration section */

/* Begin XCConfigurationList section */
		1DEB911A08733D790010E9CD /* Build configuration list for PBXNativeTarget "TotalFinder" */ = {
			isa = XCConfigurationList;
			buildConfigurations = (
				1DEB911B08733D790010E9CD /* Debug */,
				1DEB911C08733D790010E9CD /* Release */,
			);
			defaultConfigurationIsVisible = 0;
			defaultConfigurationName = Release;
		};
		1DEB911E08733D790010E9CD /* Build configuration list for PBXProject "OSAX" */ = {
			isa = XCConfigurationList;
			buildConfigurations = (
				1DEB911F08733D790010E9CD /* Debug */,
				1DEB912008733D790010E9CD /* Release */,
			);
			defaultConfigurationIsVisible = 0;
			defaultConfigurationName = Release;
		};
/* End XCConfigurationList section */
	};
	rootObject = 089C1669FE841209C02AAC07 /* Project object */;
}
